
Microsoft Visual Studio Solution File, Format Version 12.00
# Visual Studio Version 17
VisualStudioVersion = 17.7.34221.43
MinimumVisualStudioVersion = 10.0.40219.1
Project("{FAE04EC0-301F-11D3-BF4B-00C04F79EFBC}") = "SolidRefactoring", "SolidRefactoring\SolidRefactoring.csproj", "{19002BDE-19BC-406F-AB08-F5C6D8731811}"
EndProject
Global
	GlobalSection(SolutionConfigurationPlatforms) = preSolution
		Debug|Any CPU = Debug|Any CPU
		Release|Any CPU = Release|Any CPU
	EndGlobalSection
	GlobalSection(ProjectConfigurationPlatforms) = postSolution
		{19002BDE-19BC-406F-AB08-F5C6D8731811}.Debug|Any CPU.ActiveCfg = Debug|Any CPU
		{19002BDE-19BC-406F-AB08-F5C6D8731811}.Debug|Any CPU.Build.0 = Debug|Any CPU
		{19002BDE-19BC-406F-AB08-F5C6D8731811}.Release|Any CPU.ActiveCfg = Release|Any CPU
		{19002BDE-19BC-406F-AB08-F5C6D8731811}.Release|Any CPU.Build.0 = Release|Any CPU
	EndGlobalSection
	GlobalSection(SolutionProperties) = preSolution
		HideSolutionNode = FALSE
	EndGlobalSection
	GlobalSection(ExtensibilityGlobals) = postSolution
		SolutionGuid = {8C4C31BC-818F-404C-AF01-11D2C64AB559}
	EndGlobalSection
EndGlobal
